Microsoft Visual Studio Solution File, Format Version 10.00
# Visual Studio 2008
Project("{8BC9CEB8-8B4A-11D0-8D11-00A0C91BC942}") = "HFCCon32", "HFCCon32\HFCCon32.vcproj", "{6D82EE6E-184C-4528-A264-FD16F6B96545}"
EndProject
Project("{8BC9CEB8-8B4A-11D0-8D11-00A0C91BC942}") = "HFCLib32", "HFCLib32\HFCLib32.vcproj", "{31D2AE48-CEF3-4388-BF48-93D25691FB81}"
EndProject
Global
	GlobalSection(SolutionConfigurationPlatforms) = preSolution
		Debug|Win32 = Debug|Win32
		Debug|x64 = Debug|x64
		DebugMT|Win32 = DebugMT|Win32
		DebugMT|x64 = DebugMT|x64
		DebugXP|Win32 = DebugXP|Win32
		DebugXP|x64 = DebugXP|x64
		Logging|Win32 = Logging|Win32
		Logging|x64 = Logging|x64
		Release|Win32 = Release|Win32
		Release|x64 = Release|x64
		ReleaseLogging|Win32 = ReleaseLogging|Win32
		ReleaseLogging|x64 = ReleaseLogging|x64
		ReleaseMT|Win32 = ReleaseMT|Win32
		ReleaseMT|x64 = ReleaseMT|x64
		ReleaseXP|Win32 = ReleaseXP|Win32
		ReleaseXP|x64 = ReleaseXP|x64
		RelLogging|Win32 = RelLogging|Win32
		RelLogging|x64 = RelLogging|x64
		RelLoggingMT|Win32 = RelLoggingMT|Win32
		RelLoggingMT|x64 = RelLoggingMT|x64
	EndGlobalSection
	GlobalSection(ProjectConfigurationPlatforms) = postSolution
		{6D82EE6E-184C-4528-A264-FD16F6B96545}.Debug|Win32.ActiveCfg = Debug|Win32
		{6D82EE6E-184C-4528-A264-FD16F6B96545}.Debug|Win32.Build.0 = Debug|Win32
		{6D82EE6E-184C-4528-A264-FD16F6B96545}.Debug|x64.ActiveCfg = Debug|x64
		{6D82EE6E-184C-4528-A264-FD16F6B96545}.Debug|x64.Build.0 = Debug|x64
		{6D82EE6E-184C-4528-A264-FD16F6B96545}.DebugMT|Win32.ActiveCfg = Debug|Win32
		{6D82EE6E-184C-4528-A264-FD16F6B96545}.DebugMT|Win32.Build.0 = Debug|Win32
		{6D82EE6E-184C-4528-A264-FD16F6B96545}.DebugMT|x64.ActiveCfg = Debug|x64
		{6D82EE6E-184C-4528-A264-FD16F6B96545}.DebugMT|x64.Build.0 = Debug|x64
		{6D82EE6E-184C-4528-A264-FD16F6B96545}.DebugXP|Win32.ActiveCfg = Debug|Win32
		{6D82EE6E-184C-4528-A264-FD16F6B96545}.DebugXP|Win32.Build.0 = Debug|Win32
		{6D82EE6E-184C-4528-A264-FD16F6B96545}.DebugXP|x64.ActiveCfg = Debug|x64
		{6D82EE6E-184C-4528-A264-FD16F6B96545}.DebugXP|x64.Build.0 = Debug|x64
		{6D82EE6E-184C-4528-A264-FD16F6B96545}.Logging|Win32.ActiveCfg = RelLogging|Win32
		{6D82EE6E-184C-4528-A264-FD16F6B96545}.Logging|Win32.Build.0 = RelLogging|Win32
		{6D82EE6E-184C-4528-A264-FD16F6B96545}.Logging|x64.ActiveCfg = RelLogging|x64
		{6D82EE6E-184C-4528-A264-FD16F6B96545}.Logging|x64.Build.0 = RelLogging|x64
		{6D82EE6E-184C-4528-A264-FD16F6B96545}.Release|Win32.ActiveCfg = Release|x64
		{6D82EE6E-184C-4528-A264-FD16F6B96545}.Release|Win32.Build.0 = Release|x64
		{6D82EE6E-184C-4528-A264-FD16F6B96545}.Release|x64.ActiveCfg = Release|x64
		{6D82EE6E-184C-4528-A264-FD16F6B96545}.Release|x64.Build.0 = Release|x64
		{6D82EE6E-184C-4528-A264-FD16F6B96545}.ReleaseLogging|Win32.ActiveCfg = Release|Win32
		{6D82EE6E-184C-4528-A264-FD16F6B96545}.ReleaseLogging|Win32.Build.0 = Release|Win32
		{6D82EE6E-184C-4528-A264-FD16F6B96545}.ReleaseLogging|x64.ActiveCfg = Release|x64
		{6D82EE6E-184C-4528-A264-FD16F6B96545}.ReleaseLogging|x64.Build.0 = Release|x64
		{6D82EE6E-184C-4528-A264-FD16F6B96545}.ReleaseMT|Win32.ActiveCfg = Release|Win32
		{6D82EE6E-184C-4528-A264-FD16F6B96545}.ReleaseMT|Win32.Build.0 = Release|Win32
		{6D82EE6E-184C-4528-A264-FD16F6B96545}.ReleaseMT|x64.ActiveCfg = Release|x64
		{6D82EE6E-184C-4528-A264-FD16F6B96545}.ReleaseMT|x64.Build.0 = Release|x64
		{6D82EE6E-184C-4528-A264-FD16F6B96545}.ReleaseXP|Win32.ActiveCfg = Release|Win32
		{6D82EE6E-184C-4528-A264-FD16F6B96545}.ReleaseXP|Win32.Build.0 = Release|Win32
		{6D82EE6E-184C-4528-A264-FD16F6B96545}.ReleaseXP|x64.ActiveCfg = Release|x64
		{6D82EE6E-184C-4528-A264-FD16F6B96545}.ReleaseXP|x64.Build.0 = Release|x64
		{6D82EE6E-184C-4528-A264-FD16F6B96545}.RelLogging|Win32.ActiveCfg = RelLogging|Win32
		{6D82EE6E-184C-4528-A264-FD16F6B96545}.RelLogging|Win32.Build.0 = RelLogging|Win32
		{6D82EE6E-184C-4528-A264-FD16F6B96545}.RelLogging|x64.ActiveCfg = RelLogging|x64
		{6D82EE6E-184C-4528-A264-FD16F6B96545}.RelLogging|x64.Build.0 = RelLogging|x64
		{6D82EE6E-184C-4528-A264-FD16F6B96545}.RelLoggingMT|Win32.ActiveCfg = RelLogging|Win32
		{6D82EE6E-184C-4528-A264-FD16F6B96545}.RelLoggingMT|Win32.Build.0 = RelLogging|Win32
		{6D82EE6E-184C-4528-A264-FD16F6B96545}.RelLoggingMT|x64.ActiveCfg = RelLogging|x64
		{6D82EE6E-184C-4528-A264-FD16F6B96545}.RelLoggingMT|x64.Build.0 = RelLogging|x64
		{31D2AE48-CEF3-4388-BF48-93D25691FB81}.Debug|Win32.ActiveCfg = RelLogging|Win32
		{31D2AE48-CEF3-4388-BF48-93D25691FB81}.Debug|Win32.Build.0 = RelLogging|Win32
		{31D2AE48-CEF3-4388-BF48-93D25691FB81}.Debug|x64.ActiveCfg = Debug|x64
		{31D2AE48-CEF3-4388-BF48-93D25691FB81}.Debug|x64.Build.0 = Debug|x64
		{31D2AE48-CEF3-4388-BF48-93D25691FB81}.DebugMT|Win32.ActiveCfg = Debug|Win32
		{31D2AE48-CEF3-4388-BF48-93D25691FB81}.DebugMT|Win32.Build.0 = Debug|Win32
		{31D2AE48-CEF3-4388-BF48-93D25691FB81}.DebugMT|x64.ActiveCfg = Debug|x64
		{31D2AE48-CEF3-4388-BF48-93D25691FB81}.DebugMT|x64.Build.0 = Debug|x64
		{31D2AE48-CEF3-4388-BF48-93D25691FB81}.DebugXP|Win32.ActiveCfg = Debug|Win32
		{31D2AE48-CEF3-4388-BF48-93D25691FB81}.DebugXP|Win32.Build.0 = Debug|Win32
		{31D2AE48-CEF3-4388-BF48-93D25691FB81}.DebugXP|x64.ActiveCfg = Debug|x64
		{31D2AE48-CEF3-4388-BF48-93D25691FB81}.DebugXP|x64.Build.0 = Debug|x64
		{31D2AE48-CEF3-4388-BF48-93D25691FB81}.Logging|Win32.ActiveCfg = RelLogging|Win32
		{31D2AE48-CEF3-4388-BF48-93D25691FB81}.Logging|Win32.Build.0 = RelLogging|Win32
		{31D2AE48-CEF3-4388-BF48-93D25691FB81}.Logging|x64.ActiveCfg = RelLogging|x64
		{31D2AE48-CEF3-4388-BF48-93D25691FB81}.Logging|x64.Build.0 = RelLogging|x64
		{31D2AE48-CEF3-4388-BF48-93D25691FB81}.Release|Win32.ActiveCfg = Release|x64
		{31D2AE48-CEF3-4388-BF48-93D25691FB81}.Release|Win32.Build.0 = Release|x64
		{31D2AE48-CEF3-4388-BF48-93D25691FB81}.Release|x64.ActiveCfg = Release|x64
		{31D2AE48-CEF3-4388-BF48-93D25691FB81}.Release|x64.Build.0 = Release|x64
		{31D2AE48-CEF3-4388-BF48-93D25691FB81}.ReleaseLogging|Win32.ActiveCfg = Release|Win32
		{31D2AE48-CEF3-4388-BF48-93D25691FB81}.ReleaseLogging|Win32.Build.0 = Release|Win32
		{31D2AE48-CEF3-4388-BF48-93D25691FB81}.ReleaseLogging|x64.ActiveCfg = Release|x64
		{31D2AE48-CEF3-4388-BF48-93D25691FB81}.ReleaseLogging|x64.Build.0 = Release|x64
		{31D2AE48-CEF3-4388-BF48-93D25691FB81}.ReleaseMT|Win32.ActiveCfg = Release|Win32
		{31D2AE48-CEF3-4388-BF48-93D25691FB81}.ReleaseMT|Win32.Build.0 = Release|Win32
		{31D2AE48-CEF3-4388-BF48-93D25691FB81}.ReleaseMT|x64.ActiveCfg = Release|x64
		{31D2AE48-CEF3-4388-BF48-93D25691FB81}.ReleaseMT|x64.Build.0 = Release|x64
		{31D2AE48-CEF3-4388-BF48-93D25691FB81}.ReleaseXP|Win32.ActiveCfg = Release|Win32
		{31D2AE48-CEF3-4388-BF48-93D25691FB81}.ReleaseXP|Win32.Build.0 = Release|Win32
		{31D2AE48-CEF3-4388-BF48-93D25691FB81}.ReleaseXP|x64.ActiveCfg = Release|x64
		{31D2AE48-CEF3-4388-BF48-93D25691FB81}.ReleaseXP|x64.Build.0 = Release|x64
		{31D2AE48-CEF3-4388-BF48-93D25691FB81}.RelLogging|Win32.ActiveCfg = RelLogging|Win32
		{31D2AE48-CEF3-4388-BF48-93D25691FB81}.RelLogging|Win32.Build.0 = RelLogging|Win32
		{31D2AE48-CEF3-4388-BF48-93D25691FB81}.RelLogging|x64.ActiveCfg = RelLogging|x64
		{31D2AE48-CEF3-4388-BF48-93D25691FB81}.RelLogging|x64.Build.0 = RelLogging|x64
		{31D2AE48-CEF3-4388-BF48-93D25691FB81}.RelLoggingMT|Win32.ActiveCfg = RelLogging|Win32
		{31D2AE48-CEF3-4388-BF48-93D25691FB81}.RelLoggingMT|Win32.Build.0 = RelLogging|Win32
		{31D2AE48-CEF3-4388-BF48-93D25691FB81}.RelLoggingMT|x64.ActiveCfg = RelLogging|x64
		{31D2AE48-CEF3-4388-BF48-93D25691FB81}.RelLoggingMT|x64.Build.0 = RelLogging|x64
	EndGlobalSection
	GlobalSection(SolutionProperties) = preSolution
		HideSolutionNode = FALSE
	EndGlobalSection
EndGlobal
